{
  "version": "3",
  "remote": {
    "https://deno.land/x/python@0.4.1/mod.ts": "36292020f3a7e8c9774d5de7fe32e261b3b5ddfbb6689a78bb499014d40baa82",
    "https://deno.land/x/python@0.4.1/src/ffi.ts": "9e96f50eda08a2a37adb2b51cac9db3cf71dae5ec4e6e8045af39359eff1ea97",
    "https://deno.land/x/python@0.4.1/src/python.ts": "6a0f13e73de5b48d8bc21f3095f4e72b7cf3ac4a8035010e2898fae3fac96549",
    "https://deno.land/x/python@0.4.1/src/symbols.ts": "10947b73f1c79ffa87d55074f47b3952e5983a4af02e3c36c404567dfa7bd980",
    "https://deno.land/x/python@0.4.1/src/util.ts": "8abfee48a2f3870401db000c66d3bb66bcc4e9a9ca947eafc0600822a5369aba"
  }
}
